
Microsoft Visual Studio Solution File, Format Version 12.00
# Visual Studio Version 16
VisualStudioVersion = 16.0.30804.86
MinimumVisualStudioVersion = 10.0.40219.1
Project("{9A19103F-16F7-4668-BE54-9A1E7A4F7556}") = "Loan.WebApi", "Loan.WebApi\Loan.WebApi.csproj", "{FF285338-7E0C-47F8-84E5-563A6BDBAF58}"
EndProject
Project("{FAE04EC0-301F-11D3-BF4B-00C04F79EFBC}") = "Loan.Tests", "Loan.Tests\Loan.Tests.csproj", "{819A4E57-D368-4090-9C47-4FA672F45522}"
EndProject
Global
	GlobalSection(SolutionConfigurationPlatforms) = preSolution
		Debug|Any CPU = Debug|Any CPU
		Release|Any CPU = Release|Any CPU
	EndGlobalSection
	GlobalSection(ProjectConfigurationPlatforms) = postSolution
		{FF285338-7E0C-47F8-84E5-563A6BDBAF58}.Debug|Any CPU.ActiveCfg = Debug|Any CPU
		{FF285338-7E0C-47F8-84E5-563A6BDBAF58}.Debug|Any CPU.Build.0 = Debug|Any CPU
		{FF285338-7E0C-47F8-84E5-563A6BDBAF58}.Release|Any CPU.ActiveCfg = Release|Any CPU
		{FF285338-7E0C-47F8-84E5-563A6BDBAF58}.Release|Any CPU.Build.0 = Release|Any CPU
		{819A4E57-D368-4090-9C47-4FA672F45522}.Debug|Any CPU.ActiveCfg = Debug|Any CPU
		{819A4E57-D368-4090-9C47-4FA672F45522}.Debug|Any CPU.Build.0 = Debug|Any CPU
		{819A4E57-D368-4090-9C47-4FA672F45522}.Release|Any CPU.ActiveCfg = Release|Any CPU
		{819A4E57-D368-4090-9C47-4FA672F45522}.Release|Any CPU.Build.0 = Release|Any CPU
	EndGlobalSection
	GlobalSection(SolutionProperties) = preSolution
		HideSolutionNode = FALSE
	EndGlobalSection
	GlobalSection(ExtensibilityGlobals) = postSolution
		SolutionGuid = {E1F3F0F1-A6B1-41B5-AC14-09734207939B}
	EndGlobalSection
EndGlobal
